// !$*UTF8*$!
{
	archiveVersion = 1;
	classes = {
	};
	objectVersion = 51;
	objects = {

/* Begin PBXBuildFile section */
		8E6987D223B7C91300766D4E /* AppDelegate.swift in Sources */ = {isa = PBXBuildFile; fileRef = 8E6987D123B7C91300766D4E /* AppDelegate.swift */; };
		8E6987D423B7C91300766D4E /* ViewController.swift in Sources */ = {isa = PBXBuildFile; fileRef = 8E6987D323B7C91300766D4E /* ViewController.swift */; };
		8E6987D723B7C91300766D4E /* Main.storyboard in Resources */ = {isa = PBXBuildFile; fileRef = 8E6987D523B7C91300766D4E /* Main.storyboard */; };
		8E6987D923B7C91600766D4E /* Assets.xcassets in Resources */ = {isa = PBXBuildFile; fileRef = 8E6987D823B7C91600766D4E /* Assets.xcassets */; };
		8E6987DC23B7C91600766D4E /* LaunchScreen.storyboard in Resources */ = {isa = PBXBuildFile; fileRef = 8E6987DA23B7C91600766D4E /* LaunchScreen.storyboard */; };
		8E86F27023BFF37300BEDCB5 /* CategoryViewController.swift in Sources */ = {isa = PBXBuildFile; fileRef = 8E86F26F23BFF37300BEDCB5 /* CategoryViewController.swift */; };
		8E86F27223C0B95E00BEDCB5 /* ToDoItem.swift in Sources */ = {isa = PBXBuildFile; fileRef = 8E86F27123C0B95E00BEDCB5 /* ToDoItem.swift */; };
		8E86F27423C0B9C300BEDCB5 /* Category.swift in Sources */ = {isa = PBXBuildFile; fileRef = 8E86F27323C0B9C300BEDCB5 /* Category.swift */; };
		ED740306DF4EE9D8B7DCBF3C /* Pods_Todoey.framework in Frameworks */ = {isa = PBXBuildFile; fileRef = 5B20D2A48B7B88B27F453937 /* Pods_Todoey.framework */; };
/* End PBXBuildFile section */

/* Begin PBXFileReference section */
		0FA2EABCB36B0D9E5518E4D3 /* Pods-Todoey.debug.xcconfig */ = {isa = PBXFileReference; includeInIndex = 1; lastKnownFileType = text.xcconfig; name = "Pods-Todoey.debug.xcconfig"; path = "Target Support Files/Pods-Todoey/Pods-Todoey.debug.xcconfig"; sourceTree = "<group>"; };
		5B20D2A48B7B88B27F453937 /* Pods_Todoey.framework */ = {isa = PBXFileReference; explicitFileType = wrapper.framework; includeInIndex = 0; path = Pods_Todoey.framework; sourceTree = BUILT_PRODUCTS_DIR; };
		8E6987CE23B7C91300766D4E /* Todoey.app */ = {isa = PBXFileReference; explicitFileType = wrapper.application; includeInIndex = 0; path = Todoey.app; sourceTree = BUILT_PRODUCTS_DIR; };
		8E6987D123B7C91300766D4E /* AppDelegate.swift */ = {isa = PBXFileReference; lastKnownFileType = sourcecode.swift; path = AppDelegate.swift; sourceTree = "<group>"; };
		8E6987D323B7C91300766D4E /* ViewController.swift */ = {isa = PBXFileReference; lastKnownFileType = sourcecode.swift; path = ViewController.swift; sourceTree = "<group>"; };
		8E6987D623B7C91300766D4E /* Base */ = {isa = PBXFileReference; lastKnownFileType = file.storyboard; name = Base; path = Base.lproj/Main.storyboard; sourceTree = "<group>"; };
		8E6987D823B7C91600766D4E /* Assets.xcassets */ = {isa = PBXFileReference; lastKnownFileType = folder.assetcatalog; path = Assets.xcassets; sourceTree = "<group>"; };
		8E6987DB23B7C91600766D4E /* Base */ = {isa = PBXFileReference; lastKnownFileType = file.storyboard; name = Base; path = Base.lproj/LaunchScreen.storyboard; sourceTree = "<group>"; };
		8E6987DD23B7C91600766D4E /* Info.plist */ = {isa = PBXFileReference; lastKnownFileType = text.plist.xml; path = Info.plist; sourceTree = "<group>"; };
		8E86F26F23BFF37300BEDCB5 /* CategoryViewController.swift */ = {isa = PBXFileReference; lastKnownFileType = sourcecode.swift; path = CategoryViewController.swift; sourceTree = "<group>"; };
		8E86F27123C0B95E00BEDCB5 /* ToDoItem.swift */ = {isa = PBXFileReference; lastKnownFileType = sourcecode.swift; path = ToDoItem.swift; sourceTree = "<group>"; };
		8E86F27323C0B9C300BEDCB5 /* Category.swift */ = {isa = PBXFileReference; lastKnownFileType = sourcecode.swift; path = Category.swift; sourceTree = "<group>"; };
		A204651A64B30027E21A869C /* Pods-Todoey.release.xcconfig */ = {isa = PBXFileReference; includeInIndex = 1; lastKnownFileType = text.xcconfig; name = "Pods-Todoey.release.xcconfig"; path = "Target Support Files/Pods-Todoey/Pods-Todoey.release.xcconfig"; sourceTree = "<group>"; };
/* End PBXFileReference section */

/* Begin PBXFrameworksBuildPhase section */
		8E6987CB23B7C91300766D4E /* Frameworks */ = {
			isa = PBXFrameworksBuildPhase;
			buildActionMask = 2147483647;
			files = (
				ED740306DF4EE9D8B7DCBF3C /* Pods_Todoey.framework in Frameworks */,
			);
			runOnlyForDeploymentPostprocessing = 0;
		};
/* End PBXFrameworksBuildPhase section */

/* Begin PBXGroup section */
		3412BD9274B9DFFE666D4407 /* Pods */ = {
			isa = PBXGroup;
			children = (
				0FA2EABCB36B0D9E5518E4D3 /* Pods-Todoey.debug.xcconfig */,
				A204651A64B30027E21A869C /* Pods-Todoey.release.xcconfig */,
			);
			path = Pods;
			sourceTree = "<group>";
		};
		8E6987C523B7C91300766D4E = {
			isa = PBXGroup;
			children = (
				8E6987D023B7C91300766D4E /* Todoey */,
				8E6987CF23B7C91300766D4E /* Products */,
				3412BD9274B9DFFE666D4407 /* Pods */,
				AEE8CD0BDC4367BF074EC1CC /* Frameworks */,
			);
			sourceTree = "<group>";
		};
		8E6987CF23B7C91300766D4E /* Products */ = {
			isa = PBXGroup;
			children = (
				8E6987CE23B7C91300766D4E /* Todoey.app */,
			);
			name = Products;
			sourceTree = "<group>";
		};
		8E6987D023B7C91300766D4E /* Todoey */ = {
			isa = PBXGroup;
			children = (
				8E86F24923BE2E0A00BEDCB5 /* Controller */,
				8E86F24823BE2E0500BEDCB5 /* View */,
				8E86F24723BE2DFF00BEDCB5 /* Model */,
				8E6987DD23B7C91600766D4E /* Info.plist */,
				8E86F24D23BE2E3C00BEDCB5 /* Supporting Files */,
			);
			path = Todoey;
			sourceTree = "<group>";
		};
		8E86F24723BE2DFF00BEDCB5 /* Model */ = {
			isa = PBXGroup;
			children = (
				8E86F27123C0B95E00BEDCB5 /* ToDoItem.swift */,
				8E86F27323C0B9C300BEDCB5 /* Category.swift */,
			);
			path = Model;
			sourceTree = "<group>";
		};
		8E86F24823BE2E0500BEDCB5 /* View */ = {
			isa = PBXGroup;
			children = (
				8E6987D523B7C91300766D4E /* Main.storyboard */,
			);
			path = View;
			sourceTree = "<group>";
		};
		8E86F24923BE2E0A00BEDCB5 /* Controller */ = {
			isa = PBXGroup;
			children = (
				8E6987D123B7C91300766D4E /* AppDelegate.swift */,
				8E86F26F23BFF37300BEDCB5 /* CategoryViewController.swift */,
				8E6987D323B7C91300766D4E /* ViewController.swift */,
			);
			path = Controller;
			sourceTree = "<group>";
		};
		8E86F24D23BE2E3C00BEDCB5 /* Supporting Files */ = {
			isa = PBXGroup;
			children = (
				8E6987D823B7C91600766D4E /* Assets.xcassets */,
				8E6987DA23B7C91600766D4E /* LaunchScreen.storyboard */,
			);
			path = "Supporting Files";
			sourceTree = "<group>";
		};
		AEE8CD0BDC4367BF074EC1CC /* Frameworks */ = {
			isa = PBXGroup;
			children = (
				5B20D2A48B7B88B27F453937 /* Pods_Todoey.framework */,
			);
			name = Frameworks;
			sourceTree = "<group>";
		};
/* End PBXGroup section */

/* Begin PBXNativeTarget section */
		8E6987CD23B7C91300766D4E /* Todoey */ = {
			isa = PBXNativeTarget;
			buildConfigurationList = 8E6987E023B7C91600766D4E /* Build configuration list for PBXNativeTarget "Todoey" */;
			buildPhases = (
				CBBB5CE8E60BCCB1D7CDF6E4 /* [CP] Check Pods Manifest.lock */,
				8E6987CA23B7C91300766D4E /* Sources */,
				8E6987CB23B7C91300766D4E /* Frameworks */,
				8E6987CC23B7C91300766D4E /* Resources */,
				D801DA58612377C6AD572C14 /* [CP] Embed Pods Frameworks */,
			);
			buildRules = (
			);
			dependencies = (
			);
			name = Todoey;
			productName = Todoey;
			productReference = 8E6987CE23B7C91300766D4E /* Todoey.app */;
			productType = "com.apple.product-type.application";
		};
/* End PBXNativeTarget section */

/* Begin PBXProject section */
		8E6987C623B7C91300766D4E /* Project object */ = {
			isa = PBXProject;
			attributes = {
				LastSwiftUpdateCheck = 1020;
				LastUpgradeCheck = 1020;
				ORGANIZATIONNAME = "ישראל חתן";
				TargetAttributes = {
					8E6987CD23B7C91300766D4E = {
						CreatedOnToolsVersion = 10.2.1;
					};
				};
			};
			buildConfigurationList = 8E6987C923B7C91300766D4E /* Build configuration list for PBXProject "Todoey" */;
			compatibilityVersion = "Xcode 9.3";
			developmentRegion = en;
			hasScannedForEncodings = 0;
			knownRegions = (
				en,
				Base,
			);
			mainGroup = 8E6987C523B7C91300766D4E;
			productRefGroup = 8E6987CF23B7C91300766D4E /* Products */;
			projectDirPath = "";
			projectRoot = "";
			targets = (
				8E6987CD23B7C91300766D4E /* Todoey */,
			);
		};
/* End PBXProject section */

/* Begin PBXResourcesBuildPhase section */
		8E6987CC23B7C91300766D4E /* Resources */ = {
			isa = PBXResourcesBuildPhase;
			buildActionMask = 2147483647;
			files = (
				8E6987DC23B7C91600766D4E /* LaunchScreen.storyboard in Resources */,
				8E6987D923B7C91600766D4E /* Assets.xcassets in Resources */,
				8E6987D723B7C91300766D4E /* Main.storyboard in Resources */,
			);
			runOnlyForDeploymentPostprocessing = 0;
		};
/* End PBXResourcesBuildPhase section */

/* Begin PBXShellScriptBuildPhase section */
		CBBB5CE8E60BCCB1D7CDF6E4 /* [CP] Check Pods Manifest.lock */ = {
			isa = PBXShellScriptBuildPhase;
			buildActionMask = 2147483647;
			files = (
			);
			inputFileListPaths = (
			);
			inputPaths = (
				"${PODS_PODFILE_DIR_PATH}/Podfile.lock",
				"${PODS_ROOT}/Manifest.lock",
			);
			name = "[CP] Check Pods Manifest.lock";
			outputFileListPaths = (
			);
			outputPaths = (
				"$(DERIVED_FILE_DIR)/Pods-Todoey-checkManifestLockResult.txt",
			);
			runOnlyForDeploymentPostprocessing = 0;
			shellPath = /bin/sh;
			shellScript = "diff \"${PODS_PODFILE_DIR_PATH}/Podfile.lock\" \"${PODS_ROOT}/Manifest.lock\" > /dev/null\nif [ $? != 0 ] ; then\n    # print error to STDERR\n    echo \"error: The sandbox is not in sync with the Podfile.lock. Run 'pod install' or update your CocoaPods installation.\" >&2\n    exit 1\nfi\n# This output is used by Xcode 'outputs' to avoid re-running this script phase.\necho \"SUCCESS\" > \"${SCRIPT_OUTPUT_FILE_0}\"\n";
			showEnvVarsInLog = 0;
		};
		D801DA58612377C6AD572C14 /* [CP] Embed Pods Frameworks */ = {
			isa = PBXShellScriptBuildPhase;
			buildActionMask = 2147483647;
			files = (
			);
			inputFileListPaths = (
				"${PODS_ROOT}/Target Support Files/Pods-Todoey/Pods-Todoey-frameworks-${CONFIGURATION}-input-files.xcfilelist",
			);
			name = "[CP] Embed Pods Frameworks";
			outputFileListPaths = (
				"${PODS_ROOT}/Target Support Files/Pods-Todoey/Pods-Todoey-frameworks-${CONFIGURATION}-output-files.xcfilelist",
			);
			runOnlyForDeploymentPostprocessing = 0;
			shellPath = /bin/sh;
			shellScript = "\"${PODS_ROOT}/Target Support Files/Pods-Todoey/Pods-Todoey-frameworks.sh\"\n";
			showEnvVarsInLog = 0;
		};
/* End PBXShellScriptBuildPhase section */

/* Begin PBXSourcesBuildPhase section */
		8E6987CA23B7C91300766D4E /* Sources */ = {
			isa = PBXSourcesBuildPhase;
			buildActionMask = 2147483647;
			files = (
				8E86F27023BFF37300BEDCB5 /* CategoryViewController.swift in Sources */,
				8E86F27423C0B9C300BEDCB5 /* Category.swift in Sources */,
				8E6987D423B7C91300766D4E /* ViewController.swift in Sources */,
				8E86F27223C0B95E00BEDCB5 /* ToDoItem.swift in Sources */,
				8E6987D223B7C91300766D4E /* AppDelegate.swift in Sources */,
			);
			runOnlyForDeploymentPostprocessing = 0;
		};
/* End PBXSourcesBuildPhase section */

/* Begin PBXVariantGroup section */
		8E6987D523B7C91300766D4E /* Main.storyboard */ = {
			isa = PBXVariantGroup;
			children = (
				8E6987D623B7C91300766D4E /* Base */,
			);
			name = Main.storyboard;
			sourceTree = "<group>";
		};
		8E6987DA23B7C91600766D4E /* LaunchScreen.storyboard */ = {
			isa = PBXVariantGroup;
			children = (
				8E6987DB23B7C91600766D4E /* Base */,
			);
			name = LaunchScreen.storyboard;
			sourceTree = "<group>";
		};
/* End PBXVariantGroup section */

/* Begin XCBuildConfiguration section */
		8E6987DE23B7C91600766D4E /* Debug */ = {
			isa = XCBuildConfiguration;
			buildSettings = {
				ALWAYS_SEARCH_USER_PATHS = NO;
				CLANG_ANALYZER_NONNULL = YES;
				CLANG_ANALYZER_NUMBER_OBJECT_CONVERSION = YES_AGGRESSIVE;
				CLANG_CXX_LANGUAGE_STANDARD = "gnu++14";
				CLANG_CXX_LIBRARY = "libc++";
				CLANG_ENABLE_MODULES = YES;
				CLANG_ENABLE_OBJC_ARC = YES;
				CLANG_ENABLE_OBJC_WEAK = YES;
				CLANG_WARN_BLOCK_CAPTURE_AUTORELEASING = YES;
				CLANG_WARN_BOOL_CONVERSION = YES;
				CLANG_WARN_COMMA = YES;
				CLANG_WARN_CONSTANT_CONVERSION = YES;
				CLANG_WARN_DEPRECATED_OBJC_IMPLEMENTATIONS = YES;
				CLANG_WARN_DIRECT_OBJC_ISA_USAGE = YES_ERROR;
				CLANG_WARN_DOCUMENTATION_COMMENTS = YES;
				CLANG_WARN_EMPTY_BODY = YES;
				CLANG_WARN_ENUM_CONVERSION = YES;
				CLANG_WARN_INFINITE_RECURSION = YES;
				CLANG_WARN_INT_CONVERSION = YES;
				CLANG_WARN_NON_LITERAL_NULL_CONVERSION = YES;
				CLANG_WARN_OBJC_IMPLICIT_RETAIN_SELF = YES;
				CLANG_WARN_OBJC_LITERAL_CONVERSION = YES;
				CLANG_WARN_OBJC_ROOT_CLASS = YES_ERROR;
				CLANG_WARN_RANGE_LOOP_ANALYSIS = YES;
				CLANG_WARN_STRICT_PROTOTYPES = YES;
				CLANG_WARN_SUSPICIOUS_MOVE = YES;
				CLANG_WARN_UNGUARDED_AVAILABILITY = YES_AGGRESSIVE;
				CLANG_WARN_UNREACHABLE_CODE = YES;
				CLANG_WARN__DUPLICATE_METHOD_MATCH = YES;
				CODE_SIGN_IDENTITY = "iPhone Developer";
				COPY_PHASE_STRIP = NO;
				DEBUG_INFORMATION_FORMAT = dwarf;
				ENABLE_STRICT_OBJC_MSGSEND = YES;
				ENABLE_TESTABILITY = YES;
				GCC_C_LANGUAGE_STANDARD = gnu11;
				GCC_DYNAMIC_NO_PIC = NO;
				GCC_NO_COMMON_BLOCKS = YES;
				GCC_OPTIMIZATION_LEVEL = 0;
				GCC_PREPROCESSOR_DEFINITIONS = (
					"DEBUG=1",
					"$(inherited)",
				);
				GCC_WARN_64_TO_32_BIT_CONVERSION = YES;
				GCC_WARN_ABOUT_RETURN_TYPE = YES_ERROR;
				GCC_WARN_UNDECLARED_SELECTOR = YES;
				GCC_WARN_UNINITIALIZED_AUTOS = YES_AGGRESSIVE;
				GCC_WARN_UNUSED_FUNCTION = YES;
				GCC_WARN_UNUSED_VARIABLE = YES;
				IPHONEOS_DEPLOYMENT_TARGET = 12.2;
				MTL_ENABLE_DEBUG_INFO = INCLUDE_SOURCE;
				MTL_FAST_MATH = YES;
				ONLY_ACTIVE_ARCH = YES;
				SDKROOT = iphoneos;
				SWIFT_ACTIVE_COMPILATION_CONDITIONS = DEBUG;
				SWIFT_OPTIMIZATION_LEVEL = "-Onone";
			};
			name = Debug;
		};
		8E6987DF23B7C91600766D4E /* Release */ = {
			isa = XCBuildConfiguration;
			buildSettings = {
				ALWAYS_SEARCH_USER_PATHS = NO;
				CLANG_ANALYZER_NONNULL = YES;
				CLANG_ANALYZER_NUMBER_OBJECT_CONVERSION = YES_AGGRESSIVE;
				CLANG_CXX_LANGUAGE_STANDARD = "gnu++14";
				CLANG_CXX_LIBRARY = "libc++";
				CLANG_ENABLE_MODULES = YES;
				CLANG_ENABLE_OBJC_ARC = YES;
				CLANG_ENABLE_OBJC_WEAK = YES;
				CLANG_WARN_BLOCK_CAPTURE_AUTORELEASING = YES;
				CLANG_WARN_BOOL_CONVERSION = YES;
				CLANG_WARN_COMMA = YES;
				CLANG_WARN_CONSTANT_CONVERSION = YES;
				CLANG_WARN_DEPRECATED_OBJC_IMPLEMENTATIONS = YES;
				CLANG_WARN_DIRECT_OBJC_ISA_USAGE = YES_ERROR;
				CLANG_WARN_DOCUMENTATION_COMMENTS = YES;
				CLANG_WARN_EMPTY_BODY = YES;
				CLANG_WARN_ENUM_CONVERSION = YES;
				CLANG_WARN_INFINITE_RECURSION = YES;
				CLANG_WARN_INT_CONVERSION = YES;
				CLANG_WARN_NON_LITERAL_NULL_CONVERSION = YES;
				CLANG_WARN_OBJC_IMPLICIT_RETAIN_SELF = YES;
				CLANG_WARN_OBJC_LITERAL_CONVERSION = YES;
				CLANG_WARN_OBJC_ROOT_CLASS = YES_ERROR;
				CLANG_WARN_RANGE_LOOP_ANALYSIS = YES;
				CLANG_WARN_STRICT_PROTOTYPES = YES;
				CLANG_WARN_SUSPICIOUS_MOVE = YES;
				CLANG_WARN_UNGUARDED_AVAILABILITY = YES_AGGRESSIVE;
				CLANG_WARN_UNREACHABLE_CODE = YES;
				CLANG_WARN__DUPLICATE_METHOD_MATCH = YES;
				CODE_SIGN_IDENTITY = "iPhone Developer";
				COPY_PHASE_STRIP = NO;
				DEBUG_INFORMATION_FORMAT = "dwarf-with-dsym";
				ENABLE_NS_ASSERTIONS = NO;
				ENABLE_STRICT_OBJC_MSGSEND = YES;
				GCC_C_LANGUAGE_STANDARD = gnu11;
				GCC_NO_COMMON_BLOCKS = YES;
				GCC_WARN_64_TO_32_BIT_CONVERSION = YES;
				GCC_WARN_ABOUT_RETURN_TYPE = YES_ERROR;
				GCC_WARN_UNDECLARED_SELECTOR = YES;
				GCC_WARN_UNINITIALIZED_AUTOS = YES_AGGRESSIVE;
				GCC_WARN_UNUSED_FUNCTION = YES;
				GCC_WARN_UNUSED_VARIABLE = YES;
				IPHONEOS_DEPLOYMENT_TARGET = 12.2;
				MTL_ENABLE_DEBUG_INFO = NO;
				MTL_FAST_MATH = YES;
				SDKROOT = iphoneos;
				SWIFT_COMPILATION_MODE = wholemodule;
				SWIFT_OPTIMIZATION_LEVEL = "-O";
				VALIDATE_PRODUCT = YES;
			};
			name = Release;
		};
		8E6987E123B7C91600766D4E /* Debug */ = {
			isa = XCBuildConfiguration;
			baseConfigurationReference = 0FA2EABCB36B0D9E5518E4D3 /* Pods-Todoey.debug.xcconfig */;
			buildSettings = {
				ASSETCATALOG_COMPILER_APPICON_NAME = AppIcon;
				CODE_SIGN_STYLE = Automatic;
				DEVELOPMENT_TEAM = 27B5W639FG;
				INFOPLIST_FILE = Todoey/Info.plist;
				LD_RUNPATH_SEARCH_PATHS = (
					"$(inherited)",
					"@executable_path/Frameworks",
				);
				PRODUCT_BUNDLE_IDENTIFIER = com.israelHatan.Todoey;
				PRODUCT_NAME = "$(TARGET_NAME)";
				SWIFT_VERSION = 5.0;
				TARGETED_DEVICE_FAMILY = "1,2";
			};
			name = Debug;
		};
		8E6987E223B7C91600766D4E /* Release */ = {
			isa = XCBuildConfiguration;
			baseConfigurationReference = A204651A64B30027E21A869C /* Pods-Todoey.release.xcconfig */;
			buildSettings = {
				ASSETCATALOG_COMPILER_APPICON_NAME = AppIcon;
				CODE_SIGN_STYLE = Automatic;
				DEVELOPMENT_TEAM = 27B5W639FG;
				INFOPLIST_FILE = Todoey/Info.plist;
				LD_RUNPATH_SEARCH_PATHS = (
					"$(inherited)",
					"@executable_path/Frameworks",
				);
				PRODUCT_BUNDLE_IDENTIFIER = com.israelHatan.Todoey;
				PRODUCT_NAME = "$(TARGET_NAME)";
				SWIFT_VERSION = 5.0;
				TARGETED_DEVICE_FAMILY = "1,2";
			};
			name = Release;
		};
/* End XCBuildConfiguration section */

/* Begin XCConfigurationList section */
		8E6987C923B7C91300766D4E /* Build configuration list for PBXProject "Todoey" */ = {
			isa = XCConfigurationList;
			buildConfigurations = (
				8E6987DE23B7C91600766D4E /* Debug */,
				8E6987DF23B7C91600766D4E /* Release */,
			);
			defaultConfigurationIsVisible = 0;
			defaultConfigurationName = Release;
		};
		8E6987E023B7C91600766D4E /* Build configuration list for PBXNativeTarget "Todoey" */ = {
			isa = XCConfigurationList;
			buildConfigurations = (
				8E6987E123B7C91600766D4E /* Debug */,
				8E6987E223B7C91600766D4E /* Release */,
			);
			defaultConfigurationIsVisible = 0;
			defaultConfigurationName = Release;
		};
/* End XCConfigurationList section */
	};
	rootObject = 8E6987C623B7C91300766D4E /* Project object */;
}
